// !$*UTF8*$!
{
	archiveVersion = 1;
	classes = {
	};
	objectVersion = 55;
	objects = {

/* Begin PBXBuildFile section */
		118CBDD3277D0EF500579E60 /* MasterTableViewController.swift in Sources */ = {isa = PBXBuildFile; fileRef = 118CBDD2277D0EF500579E60 /* MasterTableViewController.swift */; };
		118CBDD5277D6E4C00579E60 /* DetailTableViewController.swift in Sources */ = {isa = PBXBuildFile; fileRef = 118CBDD4277D6E4C00579E60 /* DetailTableViewController.swift */; };
		118CBDD7277DA2F100579E60 /* GenreCollectionCell.swift in Sources */ = {isa = PBXBuildFile; fileRef = 118CBDD6277DA2F100579E60 /* GenreCollectionCell.swift */; };
		3284FFD6275B0CEA0039F3EB /* Movies.graphql.swift in Sources */ = {isa = PBXBuildFile; fileRef = 3284FFD4275B0CEA0039F3EB /* Movies.graphql.swift */; };
		3284FFDE275B14130039F3EB /* Movies.graphql in Resources */ = {isa = PBXBuildFile; fileRef = 3284FFDD275B14130039F3EB /* Movies.graphql */; };
		3289DFEF275AF2170058C710 /* AppDelegate.swift in Sources */ = {isa = PBXBuildFile; fileRef = 3289DFEE275AF2170058C710 /* AppDelegate.swift */; };
		3289DFF1275AF2170058C710 /* SceneDelegate.swift in Sources */ = {isa = PBXBuildFile; fileRef = 3289DFF0275AF2170058C710 /* SceneDelegate.swift */; };
		3289DFF6275AF2170058C710 /* Main.storyboard in Resources */ = {isa = PBXBuildFile; fileRef = 3289DFF4275AF2170058C710 /* Main.storyboard */; };
		3289DFF8275AF2190058C710 /* Assets.xcassets in Resources */ = {isa = PBXBuildFile; fileRef = 3289DFF7275AF2190058C710 /* Assets.xcassets */; };
		3289DFFB275AF2190058C710 /* LaunchScreen.storyboard in Resources */ = {isa = PBXBuildFile; fileRef = 3289DFF9275AF2190058C710 /* LaunchScreen.storyboard */; };
		3289E004275AF2BA0058C710 /* Apollo in Frameworks */ = {isa = PBXBuildFile; productRef = 3289E003275AF2BA0058C710 /* Apollo */; };
		3289E006275AF2BA0058C710 /* ApolloSQLite in Frameworks */ = {isa = PBXBuildFile; productRef = 3289E005275AF2BA0058C710 /* ApolloSQLite */; };
		3289E00A275AF3430058C710 /* Network.swift in Sources */ = {isa = PBXBuildFile; fileRef = 3289E009275AF3430058C710 /* Network.swift */; };
/* End PBXBuildFile section */

/* Begin PBXFileReference section */
		118CBDD2277D0EF500579E60 /* MasterTableViewController.swift */ = {isa = PBXFileReference; lastKnownFileType = sourcecode.swift; path = MasterTableViewController.swift; sourceTree = "<group>"; };
		118CBDD4277D6E4C00579E60 /* DetailTableViewController.swift */ = {isa = PBXFileReference; lastKnownFileType = sourcecode.swift; path = DetailTableViewController.swift; sourceTree = "<group>"; };
		118CBDD6277DA2F100579E60 /* GenreCollectionCell.swift */ = {isa = PBXFileReference; lastKnownFileType = sourcecode.swift; path = GenreCollectionCell.swift; sourceTree = "<group>"; };
		3284FFD4275B0CEA0039F3EB /* Movies.graphql.swift */ = {isa = PBXFileReference; fileEncoding = 4; lastKnownFileType = sourcecode.swift; path = Movies.graphql.swift; sourceTree = "<group>"; };
		3284FFDD275B14130039F3EB /* Movies.graphql */ = {isa = PBXFileReference; fileEncoding = 4; lastKnownFileType = text; path = Movies.graphql; sourceTree = "<group>"; };
		3289DFEB275AF2170058C710 /* Movie Challenge.app */ = {isa = PBXFileReference; explicitFileType = wrapper.application; includeInIndex = 0; path = "Movie Challenge.app"; sourceTree = BUILT_PRODUCTS_DIR; };
		3289DFEE275AF2170058C710 /* AppDelegate.swift */ = {isa = PBXFileReference; lastKnownFileType = sourcecode.swift; path = AppDelegate.swift; sourceTree = "<group>"; };
		3289DFF0275AF2170058C710 /* SceneDelegate.swift */ = {isa = PBXFileReference; lastKnownFileType = sourcecode.swift; path = SceneDelegate.swift; sourceTree = "<group>"; };
		3289DFF5275AF2170058C710 /* Base */ = {isa = PBXFileReference; lastKnownFileType = file.storyboard; name = Base; path = Base.lproj/Main.storyboard; sourceTree = "<group>"; };
		3289DFF7275AF2190058C710 /* Assets.xcassets */ = {isa = PBXFileReference; lastKnownFileType = folder.assetcatalog; path = Assets.xcassets; sourceTree = "<group>"; };
		3289DFFA275AF2190058C710 /* Base */ = {isa = PBXFileReference; lastKnownFileType = file.storyboard; name = Base; path = Base.lproj/LaunchScreen.storyboard; sourceTree = "<group>"; };
		3289DFFC275AF2190058C710 /* Info.plist */ = {isa = PBXFileReference; lastKnownFileType = text.plist.xml; path = Info.plist; sourceTree = "<group>"; };
		3289E009275AF3430058C710 /* Network.swift */ = {isa = PBXFileReference; lastKnownFileType = sourcecode.swift; path = Network.swift; sourceTree = "<group>"; };
/* End PBXFileReference section */

/* Begin PBXFrameworksBuildPhase section */
		3289DFE8275AF2170058C710 /* Frameworks */ = {
			isa = PBXFrameworksBuildPhase;
			buildActionMask = 2147483647;
			files = (
				3289E004275AF2BA0058C710 /* Apollo in Frameworks */,
				3289E006275AF2BA0058C710 /* ApolloSQLite in Frameworks */,
			);
			runOnlyForDeploymentPostprocessing = 0;
		};
/* End PBXFrameworksBuildPhase section */

/* Begin PBXGroup section */
		3284FFD3275B0CEA0039F3EB /* Generated */ = {
			isa = PBXGroup;
			children = (
				3284FFD4275B0CEA0039F3EB /* Movies.graphql.swift */,
			);
			path = Generated;
			sourceTree = "<group>";
		};
		3289DFE2275AF2170058C710 = {
			isa = PBXGroup;
			children = (
				3289DFED275AF2170058C710 /* Movie Challenge */,
				3289DFEC275AF2170058C710 /* Products */,
			);
			sourceTree = "<group>";
		};
		3289DFEC275AF2170058C710 /* Products */ = {
			isa = PBXGroup;
			children = (
				3289DFEB275AF2170058C710 /* Movie Challenge.app */,
			);
			name = Products;
			sourceTree = "<group>";
		};
		3289DFED275AF2170058C710 /* Movie Challenge */ = {
			isa = PBXGroup;
			children = (
				3289DFEE275AF2170058C710 /* AppDelegate.swift */,
				3284FFD3275B0CEA0039F3EB /* Generated */,
				3289DFF0275AF2170058C710 /* SceneDelegate.swift */,
				118CBDD2277D0EF500579E60 /* MasterTableViewController.swift */,
				118CBDD4277D6E4C00579E60 /* DetailTableViewController.swift */,
				118CBDD6277DA2F100579E60 /* GenreCollectionCell.swift */,
				3284FFDD275B14130039F3EB /* Movies.graphql */,
				3289E009275AF3430058C710 /* Network.swift */,
				3289DFF4275AF2170058C710 /* Main.storyboard */,
				3289DFF7275AF2190058C710 /* Assets.xcassets */,
				3289DFF9275AF2190058C710 /* LaunchScreen.storyboard */,
				3289DFFC275AF2190058C710 /* Info.plist */,
			);
			path = "Movie Challenge";
			sourceTree = "<group>";
		};
/* End PBXGroup section */

/* Begin PBXNativeTarget section */
		3289DFEA275AF2170058C710 /* Movie Challenge */ = {
			isa = PBXNativeTarget;
			buildConfigurationList = 3289DFFF275AF2190058C710 /* Build configuration list for PBXNativeTarget "Movie Challenge" */;
			buildPhases = (
				3289DFE7275AF2170058C710 /* Sources */,
				3289DFE8275AF2170058C710 /* Frameworks */,
				3289DFE9275AF2170058C710 /* Resources */,
				3284FFDF275B1E7F0039F3EB /* Apollo Codegen */,
			);
			buildRules = (
			);
			dependencies = (
			);
			name = "Movie Challenge";
			packageProductDependencies = (
				3289E003275AF2BA0058C710 /* Apollo */,
				3289E005275AF2BA0058C710 /* ApolloSQLite */,
			);
			productName = "UIKit Base";
			productReference = 3289DFEB275AF2170058C710 /* Movie Challenge.app */;
			productType = "com.apple.product-type.application";
		};
/* End PBXNativeTarget section */

/* Begin PBXProject section */
		3289DFE3275AF2170058C710 /* Project object */ = {
			isa = PBXProject;
			attributes = {
				BuildIndependentTargetsInParallel = 1;
				LastSwiftUpdateCheck = 1310;
				LastUpgradeCheck = 1310;
				TargetAttributes = {
					3289DFEA275AF2170058C710 = {
						CreatedOnToolsVersion = 13.1;
					};
				};
			};
			buildConfigurationList = 3289DFE6275AF2170058C710 /* Build configuration list for PBXProject "Movie Challenge" */;
			compatibilityVersion = "Xcode 13.0";
			developmentRegion = en;
			hasScannedForEncodings = 0;
			knownRegions = (
				en,
				Base,
			);
			mainGroup = 3289DFE2275AF2170058C710;
			packageReferences = (
				3289E002275AF2BA0058C710 /* XCRemoteSwiftPackageReference "apollo-ios" */,
			);
			productRefGroup = 3289DFEC275AF2170058C710 /* Products */;
			projectDirPath = "";
			projectRoot = "";
			targets = (
				3289DFEA275AF2170058C710 /* Movie Challenge */,
			);
		};
/* End PBXProject section */

/* Begin PBXResourcesBuildPhase section */
		3289DFE9275AF2170058C710 /* Resources */ = {
			isa = PBXResourcesBuildPhase;
			buildActionMask = 2147483647;
			files = (
				3289DFFB275AF2190058C710 /* LaunchScreen.storyboard in Resources */,
				3289DFF8275AF2190058C710 /* Assets.xcassets in Resources */,
				3284FFDE275B14130039F3EB /* Movies.graphql in Resources */,
				3289DFF6275AF2170058C710 /* Main.storyboard in Resources */,
			);
			runOnlyForDeploymentPostprocessing = 0;
		};
/* End PBXResourcesBuildPhase section */

/* Begin PBXShellScriptBuildPhase section */
		3284FFDF275B1E7F0039F3EB /* Apollo Codegen */ = {
			isa = PBXShellScriptBuildPhase;
			buildActionMask = 2147483647;
			files = (
			);
			inputFileListPaths = (
			);
			inputPaths = (
			);
			name = "Apollo Codegen";
			outputFileListPaths = (
			);
			outputPaths = (
			);
			runOnlyForDeploymentPostprocessing = 0;
			shellPath = /bin/sh;
			shellScript = "# Don't run this during index builds\nif [ $ACTION = \"indexbuild\" ]; then exit 0; fi\n\ncd ../../ApolloCodegen\nxcrun -sdk macosx swift run ApolloCodegen generate\n";
		};
/* End PBXShellScriptBuildPhase section */

/* Begin PBXSourcesBuildPhase section */
		3289DFE7275AF2170058C710 /* Sources */ = {
			isa = PBXSourcesBuildPhase;
			buildActionMask = 2147483647;
			files = (
				118CBDD5277D6E4C00579E60 /* DetailTableViewController.swift in Sources */,
				118CBDD7277DA2F100579E60 /* GenreCollectionCell.swift in Sources */,
				118CBDD3277D0EF500579E60 /* MasterTableViewController.swift in Sources */,
				3289DFEF275AF2170058C710 /* AppDelegate.swift in Sources */,
				3289DFF1275AF2170058C710 /* SceneDelegate.swift in Sources */,
				3289E00A275AF3430058C710 /* Network.swift in Sources */,
				3284FFD6275B0CEA0039F3EB /* Movies.graphql.swift in Sources */,
			);
			runOnlyForDeploymentPostprocessing = 0;
		};
/* End PBXSourcesBuildPhase section */

/* Begin PBXVariantGroup section */
		3289DFF4275AF2170058C710 /* Main.storyboard */ = {
			isa = PBXVariantGroup;
			children = (
				3289DFF5275AF2170058C710 /* Base */,
			);
			name = Main.storyboard;
			sourceTree = "<group>";
		};
		3289DFF9275AF2190058C710 /* LaunchScreen.storyboard */ = {
			isa = PBXVariantGroup;
			children = (
				3289DFFA275AF2190058C710 /* Base */,
			);
			name = LaunchScreen.storyboard;
			sourceTree = "<group>";
		};
/* End PBXVariantGroup section */

/* Begin XCBuildConfiguration section */
		3289DFFD275AF2190058C710 /* Debug */ = {
			isa = XCBuildConfiguration;
			buildSettings = {
				ALWAYS_SEARCH_USER_PATHS = NO;
				CLANG_ANALYZER_NONNULL = YES;
				CLANG_ANALYZER_NUMBER_OBJECT_CONVERSION = YES_AGGRESSIVE;
				CLANG_CXX_LANGUAGE_STANDARD = "gnu++17";
				CLANG_CXX_LIBRARY = "libc++";
				CLANG_ENABLE_MODULES = YES;
				CLANG_ENABLE_OBJC_ARC = YES;
				CLANG_ENABLE_OBJC_WEAK = YES;
				CLANG_WARN_BLOCK_CAPTURE_AUTORELEASING = YES;
				CLANG_WARN_BOOL_CONVERSION = YES;
				CLANG_WARN_COMMA = YES;
				CLANG_WARN_CONSTANT_CONVERSION = YES;
				CLANG_WARN_DEPRECATED_OBJC_IMPLEMENTATIONS = YES;
				CLANG_WARN_DIRECT_OBJC_ISA_USAGE = YES_ERROR;
				CLANG_WARN_DOCUMENTATION_COMMENTS = YES;
				CLANG_WARN_EMPTY_BODY = YES;
				CLANG_WARN_ENUM_CONVERSION = YES;
				CLANG_WARN_INFINITE_RECURSION = YES;
				CLANG_WARN_INT_CONVERSION = YES;
				CLANG_WARN_NON_LITERAL_NULL_CONVERSION = YES;
				CLANG_WARN_OBJC_IMPLICIT_RETAIN_SELF = YES;
				CLANG_WARN_OBJC_LITERAL_CONVERSION = YES;
				CLANG_WARN_OBJC_ROOT_CLASS = YES_ERROR;
				CLANG_WARN_QUOTED_INCLUDE_IN_FRAMEWORK_HEADER = YES;
				CLANG_WARN_RANGE_LOOP_ANALYSIS = YES;
				CLANG_WARN_STRICT_PROTOTYPES = YES;
				CLANG_WARN_SUSPICIOUS_MOVE = YES;
				CLANG_WARN_UNGUARDED_AVAILABILITY = YES_AGGRESSIVE;
				CLANG_WARN_UNREACHABLE_CODE = YES;
				CLANG_WARN__DUPLICATE_METHOD_MATCH = YES;
				COPY_PHASE_STRIP = NO;
				DEBUG_INFORMATION_FORMAT = dwarf;
				ENABLE_STRICT_OBJC_MSGSEND = YES;
				ENABLE_TESTABILITY = YES;
				GCC_C_LANGUAGE_STANDARD = gnu11;
				GCC_DYNAMIC_NO_PIC = NO;
				GCC_NO_COMMON_BLOCKS = YES;
				GCC_OPTIMIZATION_LEVEL = 0;
				GCC_PREPROCESSOR_DEFINITIONS = (
					"DEBUG=1",
					"$(inherited)",
				);
				GCC_WARN_64_TO_32_BIT_CONVERSION = YES;
				GCC_WARN_ABOUT_RETURN_TYPE = YES_ERROR;
				GCC_WARN_UNDECLARED_SELECTOR = YES;
				GCC_WARN_UNINITIALIZED_AUTOS = YES_AGGRESSIVE;
				GCC_WARN_UNUSED_FUNCTION = YES;
				GCC_WARN_UNUSED_VARIABLE = YES;
				IPHONEOS_DEPLOYMENT_TARGET = 15.0;
				MTL_ENABLE_DEBUG_INFO = INCLUDE_SOURCE;
				MTL_FAST_MATH = YES;
				ONLY_ACTIVE_ARCH = YES;
				SDKROOT = iphoneos;
				SWIFT_ACTIVE_COMPILATION_CONDITIONS = DEBUG;
				SWIFT_OPTIMIZATION_LEVEL = "-Onone";
			};
			name = Debug;
		};
		3289DFFE275AF2190058C710 /* Release */ = {
			isa = XCBuildConfiguration;
			buildSettings = {
				ALWAYS_SEARCH_USER_PATHS = NO;
				CLANG_ANALYZER_NONNULL = YES;
				CLANG_ANALYZER_NUMBER_OBJECT_CONVERSION = YES_AGGRESSIVE;
				CLANG_CXX_LANGUAGE_STANDARD = "gnu++17";
				CLANG_CXX_LIBRARY = "libc++";
				CLANG_ENABLE_MODULES = YES;
				CLANG_ENABLE_OBJC_ARC = YES;
				CLANG_ENABLE_OBJC_WEAK = YES;
				CLANG_WARN_BLOCK_CAPTURE_AUTORELEASING = YES;
				CLANG_WARN_BOOL_CONVERSION = YES;
				CLANG_WARN_COMMA = YES;
				CLANG_WARN_CONSTANT_CONVERSION = YES;
				CLANG_WARN_DEPRECATED_OBJC_IMPLEMENTATIONS = YES;
				CLANG_WARN_DIRECT_OBJC_ISA_USAGE = YES_ERROR;
				CLANG_WARN_DOCUMENTATION_COMMENTS = YES;
				CLANG_WARN_EMPTY_BODY = YES;
				CLANG_WARN_ENUM_CONVERSION = YES;
				CLANG_WARN_INFINITE_RECURSION = YES;
				CLANG_WARN_INT_CONVERSION = YES;
				CLANG_WARN_NON_LITERAL_NULL_CONVERSION = YES;
				CLANG_WARN_OBJC_IMPLICIT_RETAIN_SELF = YES;
				CLANG_WARN_OBJC_LITERAL_CONVERSION = YES;
				CLANG_WARN_OBJC_ROOT_CLASS = YES_ERROR;
				CLANG_WARN_QUOTED_INCLUDE_IN_FRAMEWORK_HEADER = YES;
				CLANG_WARN_RANGE_LOOP_ANALYSIS = YES;
				CLANG_WARN_STRICT_PROTOTYPES = YES;
				CLANG_WARN_SUSPICIOUS_MOVE = YES;
				CLANG_WARN_UNGUARDED_AVAILABILITY = YES_AGGRESSIVE;
				CLANG_WARN_UNREACHABLE_CODE = YES;
				CLANG_WARN__DUPLICATE_METHOD_MATCH = YES;
				COPY_PHASE_STRIP = NO;
				DEBUG_INFORMATION_FORMAT = "dwarf-with-dsym";
				ENABLE_NS_ASSERTIONS = NO;
				ENABLE_STRICT_OBJC_MSGSEND = YES;
				GCC_C_LANGUAGE_STANDARD = gnu11;
				GCC_NO_COMMON_BLOCKS = YES;
				GCC_WARN_64_TO_32_BIT_CONVERSION = YES;
				GCC_WARN_ABOUT_RETURN_TYPE = YES_ERROR;
				GCC_WARN_UNDECLARED_SELECTOR = YES;
				GCC_WARN_UNINITIALIZED_AUTOS = YES_AGGRESSIVE;
				GCC_WARN_UNUSED_FUNCTION = YES;
				GCC_WARN_UNUSED_VARIABLE = YES;
				IPHONEOS_DEPLOYMENT_TARGET = 15.0;
				MTL_ENABLE_DEBUG_INFO = NO;
				MTL_FAST_MATH = YES;
				SDKROOT = iphoneos;
				SWIFT_COMPILATION_MODE = wholemodule;
				SWIFT_OPTIMIZATION_LEVEL = "-O";
				VALIDATE_PRODUCT = YES;
			};
			name = Release;
		};
		3289E000275AF2190058C710 /* Debug */ = {
			isa = XCBuildConfiguration;
			buildSettings = {
				ASSETCATALOG_COMPILER_APPICON_NAME = AppIcon;
				ASSETCATALOG_COMPILER_GLOBAL_ACCENT_COLOR_NAME = AccentColor;
				CODE_SIGN_STYLE = Automatic;
				CURRENT_PROJECT_VERSION = 1;
				DEVELOPMENT_TEAM = DHN3LPWQJX;
				GENERATE_INFOPLIST_FILE = YES;
				INFOPLIST_FILE = "Movie Challenge/Info.plist";
				INFOPLIST_KEY_UIApplicationSupportsIndirectInputEvents = YES;
				INFOPLIST_KEY_UILaunchStoryboardName = LaunchScreen;
				INFOPLIST_KEY_UIMainStoryboardFile = Main;
				INFOPLIST_KEY_UISupportedInterfaceOrientations_iPad = "UIInterfaceOrientationPortrait UIInterfaceOrientationPortraitUpsideDown UIInterfaceOrientationLandscapeLeft UIInterfaceOrientationLandscapeRight";
				INFOPLIST_KEY_UISupportedInterfaceOrientations_iPhone = "UIInterfaceOrientationPortrait UIInterfaceOrientationLandscapeLeft UIInterfaceOrientationLandscapeRight";
				LD_RUNPATH_SEARCH_PATHS = (
					"$(inherited)",
					"@executable_path/Frameworks",
				);
				MARKETING_VERSION = 1.0;
				PRODUCT_BUNDLE_IDENTIFIER = MovieChallenge.Patrick.Lee.Swift;
				PRODUCT_NAME = "$(TARGET_NAME)";
				SWIFT_EMIT_LOC_STRINGS = YES;
				SWIFT_VERSION = 5.0;
				TARGETED_DEVICE_FAMILY = "1,2";
			};
			name = Debug;
		};
		3289E001275AF2190058C710 /* Release */ = {
			isa = XCBuildConfiguration;
			buildSettings = {
				ASSETCATALOG_COMPILER_APPICON_NAME = AppIcon;
				ASSETCATALOG_COMPILER_GLOBAL_ACCENT_COLOR_NAME = AccentColor;
				CODE_SIGN_STYLE = Automatic;
				CURRENT_PROJECT_VERSION = 1;
				DEVELOPMENT_TEAM = DHN3LPWQJX;
				GENERATE_INFOPLIST_FILE = YES;
				INFOPLIST_FILE = "Movie Challenge/Info.plist";
				INFOPLIST_KEY_UIApplicationSupportsIndirectInputEvents = YES;
				INFOPLIST_KEY_UILaunchStoryboardName = LaunchScreen;
				INFOPLIST_KEY_UIMainStoryboardFile = Main;
				INFOPLIST_KEY_UISupportedInterfaceOrientations_iPad = "UIInterfaceOrientationPortrait UIInterfaceOrientationPortraitUpsideDown UIInterfaceOrientationLandscapeLeft UIInterfaceOrientationLandscapeRight";
				INFOPLIST_KEY_UISupportedInterfaceOrientations_iPhone = "UIInterfaceOrientationPortrait UIInterfaceOrientationLandscapeLeft UIInterfaceOrientationLandscapeRight";
				LD_RUNPATH_SEARCH_PATHS = (
					"$(inherited)",
					"@executable_path/Frameworks",
				);
				MARKETING_VERSION = 1.0;
				PRODUCT_BUNDLE_IDENTIFIER = MovieChallenge.Patrick.Lee.Swift;
				PRODUCT_NAME = "$(TARGET_NAME)";
				SWIFT_EMIT_LOC_STRINGS = YES;
				SWIFT_VERSION = 5.0;
				TARGETED_DEVICE_FAMILY = "1,2";
			};
			name = Release;
		};
/* End XCBuildConfiguration section */

/* Begin XCConfigurationList section */
		3289DFE6275AF2170058C710 /* Build configuration list for PBXProject "Movie Challenge" */ = {
			isa = XCConfigurationList;
			buildConfigurations = (
				3289DFFD275AF2190058C710 /* Debug */,
				3289DFFE275AF2190058C710 /* Release */,
			);
			defaultConfigurationIsVisible = 0;
			defaultConfigurationName = Release;
		};
		3289DFFF275AF2190058C710 /* Build configuration list for PBXNativeTarget "Movie Challenge" */ = {
			isa = XCConfigurationList;
			buildConfigurations = (
				3289E000275AF2190058C710 /* Debug */,
				3289E001275AF2190058C710 /* Release */,
			);
			defaultConfigurationIsVisible = 0;
			defaultConfigurationName = Release;
		};
/* End XCConfigurationList section */

/* Begin XCRemoteSwiftPackageReference section */
		3289E002275AF2BA0058C710 /* XCRemoteSwiftPackageReference "apollo-ios" */ = {
			isa = XCRemoteSwiftPackageReference;
			repositoryURL = "https://github.com/apollographql/apollo-ios";
			requirement = {
				kind = exactVersion;
				version = 0.50.0;
			};
		};
/* End XCRemoteSwiftPackageReference section */

/* Begin XCSwiftPackageProductDependency section */
		3289E003275AF2BA0058C710 /* Apollo */ = {
			isa = XCSwiftPackageProductDependency;
			package = 3289E002275AF2BA0058C710 /* XCRemoteSwiftPackageReference "apollo-ios" */;
			productName = Apollo;
		};
		3289E005275AF2BA0058C710 /* ApolloSQLite */ = {
			isa = XCSwiftPackageProductDependency;
			package = 3289E002275AF2BA0058C710 /* XCRemoteSwiftPackageReference "apollo-ios" */;
			productName = ApolloSQLite;
		};
/* End XCSwiftPackageProductDependency section */
	};
	rootObject = 3289DFE3275AF2170058C710 /* Project object */;
}
